
Microsoft Visual Studio Solution File, Format Version 12.00
# Visual Studio Version 16
VisualStudioVersion = 16.0.33927.289
MinimumVisualStudioVersion = 10.0.40219.1
Project("{2150E333-8FDC-42A3-9474-1A3956D46DE8}") = "Task0", "Task0", "{FCE26189-2322-4EE1-9210-35996EF867A7}"
EndProject
Project("{FAE04EC0-301F-11D3-BF4B-00C04F79EFBC}") = "Tyuiu.RagimovaMA.Sprint1.Task0.V16", "Tyuiu.RagimovaMA.Sprint1.Task0.V16\Tyuiu.RagimovaMA.Sprint1.Task0.V16.csproj", "{F1768461-7EFB-492A-A4C9-A2D0CCF1ECB7}"
EndProject
Project("{FAE04EC0-301F-11D3-BF4B-00C04F79EFBC}") = "Tyuiu.RagimovaMA.Sprint1.Task0.V16.Lib", "Tyuiu.RagimovaMA.Sprint1.Task0.V16.Lib\Tyuiu.RagimovaMA.Sprint1.Task0.V16.Lib.csproj", "{E70CBA83-86A2-4754-B45A-C5A9F70AB814}"
EndProject
Project("{FAE04EC0-301F-11D3-BF4B-00C04F79EFBC}") = "Tyuiu.RagimovaMA.Sprint1.Task0.V16.Test", "Tyuiu.RagimovaMA.Sprint1.Task0.V16.Test\Tyuiu.RagimovaMA.Sprint1.Task0.V16.Test.csproj", "{09A72035-3734-4907-BFCE-2034B6DE051D}"
EndProject
Project("{2150E333-8FDC-42A3-9474-1A3956D46DE8}") = "Task1", "Task1", "{1D2E5058-19A0-4CC1-BF8C-C9CF8A4FF372}"
EndProject
Project("{FAE04EC0-301F-11D3-BF4B-00C04F79EFBC}") = "Tyuiu.RagimovaMA.Sprint1.Task1.V21", "Tyuiu.RagimovaMA.Sprint1.Task1.V21\Tyuiu.RagimovaMA.Sprint1.Task1.V21.csproj", "{7F1E7651-6435-4439-B65E-865BB346B9B5}"
EndProject
Project("{FAE04EC0-301F-11D3-BF4B-00C04F79EFBC}") = "Tyuiu.RagimovaMA.Sprint1.Task1.V21.Lib", "Tyuiu.RagimovaMA.Sprint1.Task1.V21.Lib\Tyuiu.RagimovaMA.Sprint1.Task1.V21.Lib.csproj", "{FAE6BBF9-F951-4C43-A533-246EEAFB0085}"
EndProject
Project("{FAE04EC0-301F-11D3-BF4B-00C04F79EFBC}") = "Tyuiu.RagimovaMA.Sprint1.Task1.V21.Test", "Tyuiu.RagimovaMA.Sprint1.Task1.V21.Test\Tyuiu.RagimovaMA.Sprint1.Task1.V21.Test.csproj", "{C72511D2-7E60-4C0A-9958-0A529631EDD4}"
EndProject
Global
	GlobalSection(SolutionConfigurationPlatforms) = preSolution
		Debug|Any CPU = Debug|Any CPU
		Release|Any CPU = Release|Any CPU
	EndGlobalSection
	GlobalSection(ProjectConfigurationPlatforms) = postSolution
		{F1768461-7EFB-492A-A4C9-A2D0CCF1ECB7}.Debug|Any CPU.ActiveCfg = Debug|Any CPU
		{F1768461-7EFB-492A-A4C9-A2D0CCF1ECB7}.Debug|Any CPU.Build.0 = Debug|Any CPU
		{F1768461-7EFB-492A-A4C9-A2D0CCF1ECB7}.Release|Any CPU.ActiveCfg = Release|Any CPU
		{F1768461-7EFB-492A-A4C9-A2D0CCF1ECB7}.Release|Any CPU.Build.0 = Release|Any CPU
		{E70CBA83-86A2-4754-B45A-C5A9F70AB814}.Debug|Any CPU.ActiveCfg = Debug|Any CPU
		{E70CBA83-86A2-4754-B45A-C5A9F70AB814}.Debug|Any CPU.Build.0 = Debug|Any CPU
		{E70CBA83-86A2-4754-B45A-C5A9F70AB814}.Release|Any CPU.ActiveCfg = Release|Any CPU
		{E70CBA83-86A2-4754-B45A-C5A9F70AB814}.Release|Any CPU.Build.0 = Release|Any CPU
		{09A72035-3734-4907-BFCE-2034B6DE051D}.Debug|Any CPU.ActiveCfg = Debug|Any CPU
		{09A72035-3734-4907-BFCE-2034B6DE051D}.Debug|Any CPU.Build.0 = Debug|Any CPU
		{09A72035-3734-4907-BFCE-2034B6DE051D}.Release|Any CPU.ActiveCfg = Release|Any CPU
		{09A72035-3734-4907-BFCE-2034B6DE051D}.Release|Any CPU.Build.0 = Release|Any CPU
		{7F1E7651-6435-4439-B65E-865BB346B9B5}.Debug|Any CPU.ActiveCfg = Debug|Any CPU
		{7F1E7651-6435-4439-B65E-865BB346B9B5}.Debug|Any CPU.Build.0 = Debug|Any CPU
		{7F1E7651-6435-4439-B65E-865BB346B9B5}.Release|Any CPU.ActiveCfg = Release|Any CPU
		{7F1E7651-6435-4439-B65E-865BB346B9B5}.Release|Any CPU.Build.0 = Release|Any CPU
		{FAE6BBF9-F951-4C43-A533-246EEAFB0085}.Debug|Any CPU.ActiveCfg = Debug|Any CPU
		{FAE6BBF9-F951-4C43-A533-246EEAFB0085}.Debug|Any CPU.Build.0 = Debug|Any CPU
		{FAE6BBF9-F951-4C43-A533-246EEAFB0085}.Release|Any CPU.ActiveCfg = Release|Any CPU
		{FAE6BBF9-F951-4C43-A533-246EEAFB0085}.Release|Any CPU.Build.0 = Release|Any CPU
		{C72511D2-7E60-4C0A-9958-0A529631EDD4}.Debug|Any CPU.ActiveCfg = Debug|Any CPU
		{C72511D2-7E60-4C0A-9958-0A529631EDD4}.Debug|Any CPU.Build.0 = Debug|Any CPU
		{C72511D2-7E60-4C0A-9958-0A529631EDD4}.Release|Any CPU.ActiveCfg = Release|Any CPU
		{C72511D2-7E60-4C0A-9958-0A529631EDD4}.Release|Any CPU.Build.0 = Release|Any CPU
	EndGlobalSection
	GlobalSection(SolutionProperties) = preSolution
		HideSolutionNode = FALSE
	EndGlobalSection
	GlobalSection(NestedProjects) = preSolution
		{F1768461-7EFB-492A-A4C9-A2D0CCF1ECB7} = {FCE26189-2322-4EE1-9210-35996EF867A7}
		{E70CBA83-86A2-4754-B45A-C5A9F70AB814} = {FCE26189-2322-4EE1-9210-35996EF867A7}
		{09A72035-3734-4907-BFCE-2034B6DE051D} = {FCE26189-2322-4EE1-9210-35996EF867A7}
		{7F1E7651-6435-4439-B65E-865BB346B9B5} = {1D2E5058-19A0-4CC1-BF8C-C9CF8A4FF372}
		{FAE6BBF9-F951-4C43-A533-246EEAFB0085} = {1D2E5058-19A0-4CC1-BF8C-C9CF8A4FF372}
		{C72511D2-7E60-4C0A-9958-0A529631EDD4} = {1D2E5058-19A0-4CC1-BF8C-C9CF8A4FF372}
	EndGlobalSection
	GlobalSection(ExtensibilityGlobals) = postSolution
		SolutionGuid = {F5C906B6-D83A-442B-A6D6-2C36F8D1755B}
	EndGlobalSection
EndGlobal
